
Microsoft Visual Studio Solution File, Format Version 12.00
# Visual Studio Version 16
VisualStudioVersion = 16.0.31729.503
MinimumVisualStudioVersion = 10.0.40219.1
Project("{9A19103F-16F7-4668-BE54-9A1E7A4F7556}") = "PI", "PI\PI.csproj", "{B57D9AED-0FC5-422E-84A0-EB45908B2291}"
EndProject
Project("{9A19103F-16F7-4668-BE54-9A1E7A4F7556}") = "IotHubCommunication", "IotHubCommunication\IotHubCommunication.csproj", "{6A65E174-C693-4C01-B3A9-3064EBB072DD}"
EndProject
Project("{FAE04EC0-301F-11D3-BF4B-00C04F79EFBC}") = "MobileApp.Android", "MobileApp\MobileApp.Android\MobileApp.Android.csproj", "{C1862299-DF5D-438D-8DA7-D57E37D954C8}"
EndProject
Project("{FAE04EC0-301F-11D3-BF4B-00C04F79EFBC}") = "MobileApp.iOS", "MobileApp\MobileApp.iOS\MobileApp.iOS.csproj", "{10E5B271-1B9D-4D0C-99E1-3AEF714C7A0B}"
EndProject
Project("{FAE04EC0-301F-11D3-BF4B-00C04F79EFBC}") = "MobileApp", "MobileApp\MobileApp\MobileApp.csproj", "{AFD882DA-1D3F-4791-8692-D6F16ED322F9}"
EndProject
Global
	GlobalSection(SolutionConfigurationPlatforms) = preSolution
		Debug|Any CPU = Debug|Any CPU
		Debug|ARM32 = Debug|ARM32
		Debug|ARM64 = Debug|ARM64
		Debug|iPhone = Debug|iPhone
		Debug|iPhoneSimulator = Debug|iPhoneSimulator
		Release|Any CPU = Release|Any CPU
		Release|ARM32 = Release|ARM32
		Release|ARM64 = Release|ARM64
		Release|iPhone = Release|iPhone
		Release|iPhoneSimulator = Release|iPhoneSimulator
	EndGlobalSection
	GlobalSection(ProjectConfigurationPlatforms) = postSolution
		{B57D9AED-0FC5-422E-84A0-EB45908B2291}.Debug|Any CPU.ActiveCfg = Debug|Any CPU
		{B57D9AED-0FC5-422E-84A0-EB45908B2291}.Debug|Any CPU.Build.0 = Debug|Any CPU
		{B57D9AED-0FC5-422E-84A0-EB45908B2291}.Debug|ARM32.ActiveCfg = Debug|ARM32
		{B57D9AED-0FC5-422E-84A0-EB45908B2291}.Debug|ARM32.Build.0 = Debug|ARM32
		{B57D9AED-0FC5-422E-84A0-EB45908B2291}.Debug|ARM64.ActiveCfg = Debug|ARM64
		{B57D9AED-0FC5-422E-84A0-EB45908B2291}.Debug|ARM64.Build.0 = Debug|ARM64
		{B57D9AED-0FC5-422E-84A0-EB45908B2291}.Debug|iPhone.ActiveCfg = Debug|Any CPU
		{B57D9AED-0FC5-422E-84A0-EB45908B2291}.Debug|iPhone.Build.0 = Debug|Any CPU
		{B57D9AED-0FC5-422E-84A0-EB45908B2291}.Debug|iPhoneSimulator.ActiveCfg = Debug|Any CPU
		{B57D9AED-0FC5-422E-84A0-EB45908B2291}.Debug|iPhoneSimulator.Build.0 = Debug|Any CPU
		{B57D9AED-0FC5-422E-84A0-EB45908B2291}.Release|Any CPU.ActiveCfg = Release|Any CPU
		{B57D9AED-0FC5-422E-84A0-EB45908B2291}.Release|Any CPU.Build.0 = Release|Any CPU
		{B57D9AED-0FC5-422E-84A0-EB45908B2291}.Release|ARM32.ActiveCfg = Release|ARM32
		{B57D9AED-0FC5-422E-84A0-EB45908B2291}.Release|ARM32.Build.0 = Release|ARM32
		{B57D9AED-0FC5-422E-84A0-EB45908B2291}.Release|ARM64.ActiveCfg = Release|ARM64
		{B57D9AED-0FC5-422E-84A0-EB45908B2291}.Release|ARM64.Build.0 = Release|ARM64
		{B57D9AED-0FC5-422E-84A0-EB45908B2291}.Release|iPhone.ActiveCfg = Release|Any CPU
		{B57D9AED-0FC5-422E-84A0-EB45908B2291}.Release|iPhone.Build.0 = Release|Any CPU
		{B57D9AED-0FC5-422E-84A0-EB45908B2291}.Release|iPhoneSimulator.ActiveCfg = Release|Any CPU
		{B57D9AED-0FC5-422E-84A0-EB45908B2291}.Release|iPhoneSimulator.Build.0 = Release|Any CPU
		{6A65E174-C693-4C01-B3A9-3064EBB072DD}.Debug|Any CPU.ActiveCfg = Debug|Any CPU
		{6A65E174-C693-4C01-B3A9-3064EBB072DD}.Debug|Any CPU.Build.0 = Debug|Any CPU
		{6A65E174-C693-4C01-B3A9-3064EBB072DD}.Debug|ARM32.ActiveCfg = Debug|Any CPU
		{6A65E174-C693-4C01-B3A9-3064EBB072DD}.Debug|ARM32.Build.0 = Debug|Any CPU
		{6A65E174-C693-4C01-B3A9-3064EBB072DD}.Debug|ARM64.ActiveCfg = Debug|Any CPU
		{6A65E174-C693-4C01-B3A9-3064EBB072DD}.Debug|ARM64.Build.0 = Debug|Any CPU
		{6A65E174-C693-4C01-B3A9-3064EBB072DD}.Debug|iPhone.ActiveCfg = Debug|Any CPU
		{6A65E174-C693-4C01-B3A9-3064EBB072DD}.Debug|iPhone.Build.0 = Debug|Any CPU
		{6A65E174-C693-4C01-B3A9-3064EBB072DD}.Debug|iPhoneSimulator.ActiveCfg = Debug|Any CPU
		{6A65E174-C693-4C01-B3A9-3064EBB072DD}.Debug|iPhoneSimulator.Build.0 = Debug|Any CPU
		{6A65E174-C693-4C01-B3A9-3064EBB072DD}.Release|Any CPU.ActiveCfg = Release|Any CPU
		{6A65E174-C693-4C01-B3A9-3064EBB072DD}.Release|Any CPU.Build.0 = Release|Any CPU
		{6A65E174-C693-4C01-B3A9-3064EBB072DD}.Release|ARM32.ActiveCfg = Release|Any CPU
		{6A65E174-C693-4C01-B3A9-3064EBB072DD}.Release|ARM32.Build.0 = Release|Any CPU
		{6A65E174-C693-4C01-B3A9-3064EBB072DD}.Release|ARM64.ActiveCfg = Release|Any CPU
		{6A65E174-C693-4C01-B3A9-3064EBB072DD}.Release|ARM64.Build.0 = Release|Any CPU
		{6A65E174-C693-4C01-B3A9-3064EBB072DD}.Release|iPhone.ActiveCfg = Release|Any CPU
		{6A65E174-C693-4C01-B3A9-3064EBB072DD}.Release|iPhone.Build.0 = Release|Any CPU
		{6A65E174-C693-4C01-B3A9-3064EBB072DD}.Release|iPhoneSimulator.ActiveCfg = Release|Any CPU
		{6A65E174-C693-4C01-B3A9-3064EBB072DD}.Release|iPhoneSimulator.Build.0 = Release|Any CPU
		{C1862299-DF5D-438D-8DA7-D57E37D954C8}.Debug|Any CPU.ActiveCfg = Debug|Any CPU
		{C1862299-DF5D-438D-8DA7-D57E37D954C8}.Debug|Any CPU.Build.0 = Debug|Any CPU
		{C1862299-DF5D-438D-8DA7-D57E37D954C8}.Debug|Any CPU.Deploy.0 = Debug|Any CPU
		{C1862299-DF5D-438D-8DA7-D57E37D954C8}.Debug|ARM32.ActiveCfg = Debug|Any CPU
		{C1862299-DF5D-438D-8DA7-D57E37D954C8}.Debug|ARM32.Build.0 = Debug|Any CPU
		{C1862299-DF5D-438D-8DA7-D57E37D954C8}.Debug|ARM32.Deploy.0 = Debug|Any CPU
		{C1862299-DF5D-438D-8DA7-D57E37D954C8}.Debug|ARM64.ActiveCfg = Debug|Any CPU
		{C1862299-DF5D-438D-8DA7-D57E37D954C8}.Debug|ARM64.Build.0 = Debug|Any CPU
		{C1862299-DF5D-438D-8DA7-D57E37D954C8}.Debug|ARM64.Deploy.0 = Debug|Any CPU
		{C1862299-DF5D-438D-8DA7-D57E37D954C8}.Debug|iPhone.ActiveCfg = Debug|Any CPU
		{C1862299-DF5D-438D-8DA7-D57E37D954C8}.Debug|iPhone.Build.0 = Debug|Any CPU
		{C1862299-DF5D-438D-8DA7-D57E37D954C8}.Debug|iPhone.Deploy.0 = Debug|Any CPU
		{C1862299-DF5D-438D-8DA7-D57E37D954C8}.Debug|iPhoneSimulator.ActiveCfg = Debug|Any CPU
		{C1862299-DF5D-438D-8DA7-D57E37D954C8}.Debug|iPhoneSimulator.Build.0 = Debug|Any CPU
		{C1862299-DF5D-438D-8DA7-D57E37D954C8}.Debug|iPhoneSimulator.Deploy.0 = Debug|Any CPU
		{C1862299-DF5D-438D-8DA7-D57E37D954C8}.Release|Any CPU.ActiveCfg = Release|Any CPU
		{C1862299-DF5D-438D-8DA7-D57E37D954C8}.Release|Any CPU.Build.0 = Release|Any CPU
		{C1862299-DF5D-438D-8DA7-D57E37D954C8}.Release|Any CPU.Deploy.0 = Release|Any CPU
		{C1862299-DF5D-438D-8DA7-D57E37D954C8}.Release|ARM32.ActiveCfg = Release|Any CPU
		{C1862299-DF5D-438D-8DA7-D57E37D954C8}.Release|ARM32.Build.0 = Release|Any CPU
		{C1862299-DF5D-438D-8DA7-D57E37D954C8}.Release|ARM32.Deploy.0 = Release|Any CPU
		{C1862299-DF5D-438D-8DA7-D57E37D954C8}.Release|ARM64.ActiveCfg = Release|Any CPU
		{C1862299-DF5D-438D-8DA7-D57E37D954C8}.Release|ARM64.Build.0 = Release|Any CPU
		{C1862299-DF5D-438D-8DA7-D57E37D954C8}.Release|ARM64.Deploy.0 = Release|Any CPU
		{C1862299-DF5D-438D-8DA7-D57E37D954C8}.Release|iPhone.ActiveCfg = Release|Any CPU
		{C1862299-DF5D-438D-8DA7-D57E37D954C8}.Release|iPhone.Build.0 = Release|Any CPU
		{C1862299-DF5D-438D-8DA7-D57E37D954C8}.Release|iPhone.Deploy.0 = Release|Any CPU
		{C1862299-DF5D-438D-8DA7-D57E37D954C8}.Release|iPhoneSimulator.ActiveCfg = Release|Any CPU
		{C1862299-DF5D-438D-8DA7-D57E37D954C8}.Release|iPhoneSimulator.Build.0 = Release|Any CPU
		{C1862299-DF5D-438D-8DA7-D57E37D954C8}.Release|iPhoneSimulator.Deploy.0 = Release|Any CPU
		{10E5B271-1B9D-4D0C-99E1-3AEF714C7A0B}.Debug|Any CPU.ActiveCfg = Debug|iPhoneSimulator
		{10E5B271-1B9D-4D0C-99E1-3AEF714C7A0B}.Debug|ARM32.ActiveCfg = Debug|iPhoneSimulator
		{10E5B271-1B9D-4D0C-99E1-3AEF714C7A0B}.Debug|ARM64.ActiveCfg = Debug|iPhoneSimulator
		{10E5B271-1B9D-4D0C-99E1-3AEF714C7A0B}.Debug|iPhone.ActiveCfg = Debug|iPhone
		{10E5B271-1B9D-4D0C-99E1-3AEF714C7A0B}.Debug|iPhone.Build.0 = Debug|iPhone
		{10E5B271-1B9D-4D0C-99E1-3AEF714C7A0B}.Debug|iPhoneSimulator.ActiveCfg = Debug|iPhoneSimulator
		{10E5B271-1B9D-4D0C-99E1-3AEF714C7A0B}.Debug|iPhoneSimulator.Build.0 = Debug|iPhoneSimulator
		{10E5B271-1B9D-4D0C-99E1-3AEF714C7A0B}.Release|Any CPU.ActiveCfg = Release|iPhoneSimulator
		{10E5B271-1B9D-4D0C-99E1-3AEF714C7A0B}.Release|ARM32.ActiveCfg = Release|iPhoneSimulator
		{10E5B271-1B9D-4D0C-99E1-3AEF714C7A0B}.Release|ARM64.ActiveCfg = Release|iPhoneSimulator
		{10E5B271-1B9D-4D0C-99E1-3AEF714C7A0B}.Release|iPhone.ActiveCfg = Release|iPhone
		{10E5B271-1B9D-4D0C-99E1-3AEF714C7A0B}.Release|iPhone.Build.0 = Release|iPhone
		{10E5B271-1B9D-4D0C-99E1-3AEF714C7A0B}.Release|iPhoneSimulator.ActiveCfg = Release|iPhoneSimulator
		{10E5B271-1B9D-4D0C-99E1-3AEF714C7A0B}.Release|iPhoneSimulator.Build.0 = Release|iPhoneSimulator
		{AFD882DA-1D3F-4791-8692-D6F16ED322F9}.Debug|Any CPU.ActiveCfg = Debug|Any CPU
		{AFD882DA-1D3F-4791-8692-D6F16ED322F9}.Debug|Any CPU.Build.0 = Debug|Any CPU
		{AFD882DA-1D3F-4791-8692-D6F16ED322F9}.Debug|ARM32.ActiveCfg = Debug|Any CPU
		{AFD882DA-1D3F-4791-8692-D6F16ED322F9}.Debug|ARM32.Build.0 = Debug|Any CPU
		{AFD882DA-1D3F-4791-8692-D6F16ED322F9}.Debug|ARM64.ActiveCfg = Debug|Any CPU
		{AFD882DA-1D3F-4791-8692-D6F16ED322F9}.Debug|ARM64.Build.0 = Debug|Any CPU
		{AFD882DA-1D3F-4791-8692-D6F16ED322F9}.Debug|iPhone.ActiveCfg = Debug|Any CPU
		{AFD882DA-1D3F-4791-8692-D6F16ED322F9}.Debug|iPhone.Build.0 = Debug|Any CPU
		{AFD882DA-1D3F-4791-8692-D6F16ED322F9}.Debug|iPhoneSimulator.ActiveCfg = Debug|Any CPU
		{AFD882DA-1D3F-4791-8692-D6F16ED322F9}.Debug|iPhoneSimulator.Build.0 = Debug|Any CPU
		{AFD882DA-1D3F-4791-8692-D6F16ED322F9}.Release|Any CPU.ActiveCfg = Release|Any CPU
		{AFD882DA-1D3F-4791-8692-D6F16ED322F9}.Release|Any CPU.Build.0 = Release|Any CPU
		{AFD882DA-1D3F-4791-8692-D6F16ED322F9}.Release|ARM32.ActiveCfg = Release|Any CPU
		{AFD882DA-1D3F-4791-8692-D6F16ED322F9}.Release|ARM32.Build.0 = Release|Any CPU
		{AFD882DA-1D3F-4791-8692-D6F16ED322F9}.Release|ARM64.ActiveCfg = Release|Any CPU
		{AFD882DA-1D3F-4791-8692-D6F16ED322F9}.Release|ARM64.Build.0 = Release|Any CPU
		{AFD882DA-1D3F-4791-8692-D6F16ED322F9}.Release|iPhone.ActiveCfg = Release|Any CPU
		{AFD882DA-1D3F-4791-8692-D6F16ED322F9}.Release|iPhone.Build.0 = Release|Any CPU
		{AFD882DA-1D3F-4791-8692-D6F16ED322F9}.Release|iPhoneSimulator.ActiveCfg = Release|Any CPU
		{AFD882DA-1D3F-4791-8692-D6F16ED322F9}.Release|iPhoneSimulator.Build.0 = Release|Any CPU
	EndGlobalSection
	GlobalSection(SolutionProperties) = preSolution
		HideSolutionNode = FALSE
	EndGlobalSection
	GlobalSection(ExtensibilityGlobals) = postSolution
		SolutionGuid = {DEBA97DC-BBFC-4982-841B-937774327F72}
	EndGlobalSection
EndGlobal
